// !$*UTF8*$!
{
	archiveVersion = 1;
	classes = {
	};
	objectVersion = 46;
	objects = {

/* Begin PBXBuildFile section */
		070AEB4E1AF7DE35004BDE58 /* InitialController.swift in Sources */ = {isa = PBXBuildFile; fileRef = 070AEB4D1AF7DE35004BDE58 /* InitialController.swift */; };
		0710D4BB1AEEE29E00561946 /* EventsTableViewController.swift in Sources */ = {isa = PBXBuildFile; fileRef = 0710D4BA1AEEE29E00561946 /* EventsTableViewController.swift */; };
		0710D4BD1AEEF63500561946 /* EventCustomTableViewCell.swift in Sources */ = {isa = PBXBuildFile; fileRef = 0710D4BC1AEEF63500561946 /* EventCustomTableViewCell.swift */; };
		07B25E611B0506F7007E6EA4 /* UserProfileViewController.swift in Sources */ = {isa = PBXBuildFile; fileRef = 07B25E601B0506F7007E6EA4 /* UserProfileViewController.swift */; };
		07B25E631B051717007E6EA4 /* ProfileCustomTableViweCell.swift in Sources */ = {isa = PBXBuildFile; fileRef = 07B25E621B051717007E6EA4 /* ProfileCustomTableViweCell.swift */; };
		07BA0B491B054EB900F56F56 /* ProfileAddressCustomTableViewCell.swift in Sources */ = {isa = PBXBuildFile; fileRef = 07BA0B481B054EB900F56F56 /* ProfileAddressCustomTableViewCell.swift */; };
		07D6F5E31AFD7AE300CB882D /* MyEventsCollectionViewController.swift in Sources */ = {isa = PBXBuildFile; fileRef = 07D6F5E21AFD7AE300CB882D /* MyEventsCollectionViewController.swift */; };
		07D6F5E51AFD869800CB882D /* MyEventsCustomCollectionViewCell.swift in Sources */ = {isa = PBXBuildFile; fileRef = 07D6F5E41AFD869800CB882D /* MyEventsCustomCollectionViewCell.swift */; };
		07E179FF1AFD0C5D00A904F6 /* EventCustomTableViewHeader.swift in Sources */ = {isa = PBXBuildFile; fileRef = 07E179FE1AFD0C5D00A904F6 /* EventCustomTableViewHeader.swift */; };
		750366951B0AC0600033A8D4 /* Event.swift in Sources */ = {isa = PBXBuildFile; fileRef = 750366941B0AC0600033A8D4 /* Event.swift */; };
		750366971B0AC06A0033A8D4 /* EventPost.swift in Sources */ = {isa = PBXBuildFile; fileRef = 750366961B0AC06A0033A8D4 /* EventPost.swift */; };
		750366991B0AC0700033A8D4 /* EventPhoto.swift in Sources */ = {isa = PBXBuildFile; fileRef = 750366981B0AC0700033A8D4 /* EventPhoto.swift */; };
		7503669B1B0AC0770033A8D4 /* EventParticipant.swift in Sources */ = {isa = PBXBuildFile; fileRef = 7503669A1B0AC0770033A8D4 /* EventParticipant.swift */; };
		7503669D1B0AC07E0033A8D4 /* UserConfig.swift in Sources */ = {isa = PBXBuildFile; fileRef = 7503669C1B0AC07E0033A8D4 /* UserConfig.swift */; };
		7503669F1B0AC0840033A8D4 /* UserFriend.swift in Sources */ = {isa = PBXBuildFile; fileRef = 7503669E1B0AC0840033A8D4 /* UserFriend.swift */; };
		750366A11B0AC40E0033A8D4 /* EventStorage.swift in Sources */ = {isa = PBXBuildFile; fileRef = 750366A01B0AC40E0033A8D4 /* EventStorage.swift */; };
		752E9DFD1B0A9B3300AE96D4 /* User.swift in Sources */ = {isa = PBXBuildFile; fileRef = 752E9DFC1B0A9B3300AE96D4 /* User.swift */; };
		752E9DFF1B0A9BF000AE96D4 /* UserStorage.swift in Sources */ = {isa = PBXBuildFile; fileRef = 752E9DFE1B0A9BF000AE96D4 /* UserStorage.swift */; };
		7587F32F1B0A9D1600AAEAD8 /* AppCore.swift in Sources */ = {isa = PBXBuildFile; fileRef = 7587F32A1B0A9D1600AAEAD8 /* AppCore.swift */; };
		7587F3301B0A9D1600AAEAD8 /* Extensions.swift in Sources */ = {isa = PBXBuildFile; fileRef = 7587F32B1B0A9D1600AAEAD8 /* Extensions.swift */; };
		7587F3311B0A9D1600AAEAD8 /* Functions.swift in Sources */ = {isa = PBXBuildFile; fileRef = 7587F32C1B0A9D1600AAEAD8 /* Functions.swift */; };
		7587F3321B0A9D1600AAEAD8 /* ParseHandler.swift in Sources */ = {isa = PBXBuildFile; fileRef = 7587F32D1B0A9D1600AAEAD8 /* ParseHandler.swift */; };
		7587F3331B0A9D1600AAEAD8 /* ParseResult.swift in Sources */ = {isa = PBXBuildFile; fileRef = 7587F32E1B0A9D1600AAEAD8 /* ParseResult.swift */; };
		759B8E4A1AE9CFEC00B500E6 /* AppDelegate.swift in Sources */ = {isa = PBXBuildFile; fileRef = 759B8E491AE9CFEC00B500E6 /* AppDelegate.swift */; };
		759B8E4D1AE9CFEC00B500E6 /* Fhub.xcdatamodeld in Sources */ = {isa = PBXBuildFile; fileRef = 759B8E4B1AE9CFEC00B500E6 /* Fhub.xcdatamodeld */; };
		759B8E521AE9CFEC00B500E6 /* Main.storyboard in Resources */ = {isa = PBXBuildFile; fileRef = 759B8E501AE9CFEC00B500E6 /* Main.storyboard */; };
		759B8E541AE9CFEC00B500E6 /* Images.xcassets in Resources */ = {isa = PBXBuildFile; fileRef = 759B8E531AE9CFEC00B500E6 /* Images.xcassets */; };
		759B8E571AE9CFEC00B500E6 /* LaunchScreen.xib in Resources */ = {isa = PBXBuildFile; fileRef = 759B8E551AE9CFEC00B500E6 /* LaunchScreen.xib */; };
		759B8E631AE9CFEC00B500E6 /* FhubTests.swift in Sources */ = {isa = PBXBuildFile; fileRef = 759B8E621AE9CFEC00B500E6 /* FhubTests.swift */; };
		759B8E721AE9D09800B500E6 /* FBSDKCoreKit.framework in Frameworks */ = {isa = PBXBuildFile; fileRef = 759B8E6F1AE9D09800B500E6 /* FBSDKCoreKit.framework */; };
		759B8E731AE9D09800B500E6 /* FBSDKLoginKit.framework in Frameworks */ = {isa = PBXBuildFile; fileRef = 759B8E701AE9D09800B500E6 /* FBSDKLoginKit.framework */; };
		759B8E741AE9D09800B500E6 /* FBSDKShareKit.framework in Frameworks */ = {isa = PBXBuildFile; fileRef = 759B8E711AE9D09800B500E6 /* FBSDKShareKit.framework */; };
		759B8E7B1AE9D0A900B500E6 /* Bolts.framework in Frameworks */ = {isa = PBXBuildFile; fileRef = 759B8E751AE9D0A900B500E6 /* Bolts.framework */; };
		759B8E7C1AE9D0A900B500E6 /* Parse.framework in Frameworks */ = {isa = PBXBuildFile; fileRef = 759B8E761AE9D0A900B500E6 /* Parse.framework */; };
		759B8E7D1AE9D0A900B500E6 /* ParseCrashReporting.framework in Frameworks */ = {isa = PBXBuildFile; fileRef = 759B8E771AE9D0A900B500E6 /* ParseCrashReporting.framework */; };
		759B8E7E1AE9D0A900B500E6 /* ParseFacebookUtils.framework in Frameworks */ = {isa = PBXBuildFile; fileRef = 759B8E781AE9D0A900B500E6 /* ParseFacebookUtils.framework */; };
		759B8E7F1AE9D0A900B500E6 /* ParseFacebookUtilsV4.framework in Frameworks */ = {isa = PBXBuildFile; fileRef = 759B8E791AE9D0A900B500E6 /* ParseFacebookUtilsV4.framework */; };
		759B8E801AE9D0A900B500E6 /* ParseUI.framework in Frameworks */ = {isa = PBXBuildFile; fileRef = 759B8E7A1AE9D0A900B500E6 /* ParseUI.framework */; };
		759B8E8F1AE9D10900B500E6 /* AudioToolbox.framework in Frameworks */ = {isa = PBXBuildFile; fileRef = 759B8E811AE9D10900B500E6 /* AudioToolbox.framework */; };
		759B8E901AE9D10900B500E6 /* CFNetwork.framework in Frameworks */ = {isa = PBXBuildFile; fileRef = 759B8E821AE9D10900B500E6 /* CFNetwork.framework */; };
		759B8E911AE9D10900B500E6 /* CoreGraphics.framework in Frameworks */ = {isa = PBXBuildFile; fileRef = 759B8E831AE9D10900B500E6 /* CoreGraphics.framework */; };
		759B8E921AE9D10900B500E6 /* CoreLocation.framework in Frameworks */ = {isa = PBXBuildFile; fileRef = 759B8E841AE9D10900B500E6 /* CoreLocation.framework */; };
		759B8E931AE9D10900B500E6 /* libsqlite3.dylib in Frameworks */ = {isa = PBXBuildFile; fileRef = 759B8E851AE9D10900B500E6 /* libsqlite3.dylib */; };
		759B8E941AE9D10900B500E6 /* libz.dylib in Frameworks */ = {isa = PBXBuildFile; fileRef = 759B8E861AE9D10900B500E6 /* libz.dylib */; };
		759B8E951AE9D10900B500E6 /* MapKit.framework in Frameworks */ = {isa = PBXBuildFile; fileRef = 759B8E871AE9D10900B500E6 /* MapKit.framework */; };
		759B8E961AE9D10900B500E6 /* MobileCoreServices.framework in Frameworks */ = {isa = PBXBuildFile; fileRef = 759B8E881AE9D10900B500E6 /* MobileCoreServices.framework */; };
		759B8E971AE9D10900B500E6 /* PushKit.framework in Frameworks */ = {isa = PBXBuildFile; fileRef = 759B8E891AE9D10900B500E6 /* PushKit.framework */; };
		759B8E981AE9D10900B500E6 /* QuartzCore.framework in Frameworks */ = {isa = PBXBuildFile; fileRef = 759B8E8A1AE9D10900B500E6 /* QuartzCore.framework */; };
		759B8E991AE9D10900B500E6 /* Security.framework in Frameworks */ = {isa = PBXBuildFile; fileRef = 759B8E8B1AE9D10900B500E6 /* Security.framework */; };
		759B8E9A1AE9D10900B500E6 /* StoreKit.framework in Frameworks */ = {isa = PBXBuildFile; fileRef = 759B8E8C1AE9D10900B500E6 /* StoreKit.framework */; };
		759B8E9B1AE9D10900B500E6 /* SystemConfiguration.framework in Frameworks */ = {isa = PBXBuildFile; fileRef = 759B8E8D1AE9D10900B500E6 /* SystemConfiguration.framework */; };
		759B8E9C1AE9D10900B500E6 /* WatchKit.framework in Frameworks */ = {isa = PBXBuildFile; fileRef = 759B8E8E1AE9D10900B500E6 /* WatchKit.framework */; };
		75AE8C6D1B0CB34700C757AB /* AddEventViewController.swift in Sources */ = {isa = PBXBuildFile; fileRef = 75AE8C6C1B0CB34700C757AB /* AddEventViewController.swift */; };
		75AE8C6F1B0CB52A00C757AB /* AppViewController.swift in Sources */ = {isa = PBXBuildFile; fileRef = 75AE8C6E1B0CB52A00C757AB /* AppViewController.swift */; };
		75AE8C711B0CF60200C757AB /* GTImageView.swift in Sources */ = {isa = PBXBuildFile; fileRef = 75AE8C701B0CF60200C757AB /* GTImageView.swift */; };
/* End PBXBuildFile section */

/* Begin PBXContainerItemProxy section */
		759B8E5D1AE9CFEC00B500E6 /* PBXContainerItemProxy */ = {
			isa = PBXContainerItemProxy;
			containerPortal = 759B8E3C1AE9CFEC00B500E6 /* Project object */;
			proxyType = 1;
			remoteGlobalIDString = 759B8E431AE9CFEC00B500E6;
			remoteInfo = Fhub;
		};
/* End PBXContainerItemProxy section */

/* Begin PBXFileReference section */
		070AEB4D1AF7DE35004BDE58 /* InitialController.swift */ = {isa = PBXFileReference; fileEncoding = 4; lastKnownFileType = sourcecode.swift; path = InitialController.swift; sourceTree = "<group>"; };
		0710D4BA1AEEE29E00561946 /* EventsTableViewController.swift */ = {isa = PBXFileReference; fileEncoding = 4; lastKnownFileType = sourcecode.swift; path = EventsTableViewController.swift; sourceTree = "<group>"; };
		0710D4BC1AEEF63500561946 /* EventCustomTableViewCell.swift */ = {isa = PBXFileReference; fileEncoding = 4; lastKnownFileType = sourcecode.swift; path = EventCustomTableViewCell.swift; sourceTree = "<group>"; };
		07B25E601B0506F7007E6EA4 /* UserProfileViewController.swift */ = {isa = PBXFileReference; fileEncoding = 4; lastKnownFileType = sourcecode.swift; path = UserProfileViewController.swift; sourceTree = "<group>"; };
		07B25E621B051717007E6EA4 /* ProfileCustomTableViweCell.swift */ = {isa = PBXFileReference; fileEncoding = 4; lastKnownFileType = sourcecode.swift; path = ProfileCustomTableViweCell.swift; sourceTree = "<group>"; };
		07BA0B481B054EB900F56F56 /* ProfileAddressCustomTableViewCell.swift */ = {isa = PBXFileReference; fileEncoding = 4; lastKnownFileType = sourcecode.swift; path = ProfileAddressCustomTableViewCell.swift; sourceTree = "<group>"; };
		07D6F5E21AFD7AE300CB882D /* MyEventsCollectionViewController.swift */ = {isa = PBXFileReference; fileEncoding = 4; lastKnownFileType = sourcecode.swift; path = MyEventsCollectionViewController.swift; sourceTree = "<group>"; };
		07D6F5E41AFD869800CB882D /* MyEventsCustomCollectionViewCell.swift */ = {isa = PBXFileReference; fileEncoding = 4; lastKnownFileType = sourcecode.swift; path = MyEventsCustomCollectionViewCell.swift; sourceTree = "<group>"; };
		07E179FE1AFD0C5D00A904F6 /* EventCustomTableViewHeader.swift */ = {isa = PBXFileReference; fileEncoding = 4; lastKnownFileType = sourcecode.swift; path = EventCustomTableViewHeader.swift; sourceTree = "<group>"; };
		750366941B0AC0600033A8D4 /* Event.swift */ = {isa = PBXFileReference; fileEncoding = 4; lastKnownFileType = sourcecode.swift; path = Event.swift; sourceTree = "<group>"; };
		750366961B0AC06A0033A8D4 /* EventPost.swift */ = {isa = PBXFileReference; fileEncoding = 4; lastKnownFileType = sourcecode.swift; path = EventPost.swift; sourceTree = "<group>"; };
		750366981B0AC0700033A8D4 /* EventPhoto.swift */ = {isa = PBXFileReference; fileEncoding = 4; lastKnownFileType = sourcecode.swift; path = EventPhoto.swift; sourceTree = "<group>"; };
		7503669A1B0AC0770033A8D4 /* EventParticipant.swift */ = {isa = PBXFileReference; fileEncoding = 4; lastKnownFileType = sourcecode.swift; path = EventParticipant.swift; sourceTree = "<group>"; };
		7503669C1B0AC07E0033A8D4 /* UserConfig.swift */ = {isa = PBXFileReference; fileEncoding = 4; lastKnownFileType = sourcecode.swift; path = UserConfig.swift; sourceTree = "<group>"; };
		7503669E1B0AC0840033A8D4 /* UserFriend.swift */ = {isa = PBXFileReference; fileEncoding = 4; lastKnownFileType = sourcecode.swift; path = UserFriend.swift; sourceTree = "<group>"; };
		750366A01B0AC40E0033A8D4 /* EventStorage.swift */ = {isa = PBXFileReference; fileEncoding = 4; lastKnownFileType = sourcecode.swift; path = EventStorage.swift; sourceTree = "<group>"; };
		752E9DFC1B0A9B3300AE96D4 /* User.swift */ = {isa = PBXFileReference; fileEncoding = 4; lastKnownFileType = sourcecode.swift; path = User.swift; sourceTree = "<group>"; };
		752E9DFE1B0A9BF000AE96D4 /* UserStorage.swift */ = {isa = PBXFileReference; fileEncoding = 4; lastKnownFileType = sourcecode.swift; path = UserStorage.swift; sourceTree = "<group>"; };
		7587F32A1B0A9D1600AAEAD8 /* AppCore.swift */ = {isa = PBXFileReference; fileEncoding = 4; lastKnownFileType = sourcecode.swift; path = AppCore.swift; sourceTree = "<group>"; };
		7587F32B1B0A9D1600AAEAD8 /* Extensions.swift */ = {isa = PBXFileReference; fileEncoding = 4; lastKnownFileType = sourcecode.swift; path = Extensions.swift; sourceTree = "<group>"; };
		7587F32C1B0A9D1600AAEAD8 /* Functions.swift */ = {isa = PBXFileReference; fileEncoding = 4; lastKnownFileType = sourcecode.swift; path = Functions.swift; sourceTree = "<group>"; };
		7587F32D1B0A9D1600AAEAD8 /* ParseHandler.swift */ = {isa = PBXFileReference; fileEncoding = 4; lastKnownFileType = sourcecode.swift; path = ParseHandler.swift; sourceTree = "<group>"; };
		7587F32E1B0A9D1600AAEAD8 /* ParseResult.swift */ = {isa = PBXFileReference; fileEncoding = 4; lastKnownFileType = sourcecode.swift; path = ParseResult.swift; sourceTree = "<group>"; };
		759B8E441AE9CFEC00B500E6 /* Fhub.app */ = {isa = PBXFileReference; explicitFileType = wrapper.application; includeInIndex = 0; path = Fhub.app; sourceTree = BUILT_PRODUCTS_DIR; };
		759B8E481AE9CFEC00B500E6 /* Info.plist */ = {isa = PBXFileReference; lastKnownFileType = text.plist.xml; path = Info.plist; sourceTree = "<group>"; };
		759B8E491AE9CFEC00B500E6 /* AppDelegate.swift */ = {isa = PBXFileReference; lastKnownFileType = sourcecode.swift; path = AppDelegate.swift; sourceTree = "<group>"; };
		759B8E4C1AE9CFEC00B500E6 /* Fhub.xcdatamodel */ = {isa = PBXFileReference; lastKnownFileType = wrapper.xcdatamodel; path = Fhub.xcdatamodel; sourceTree = "<group>"; };
		759B8E511AE9CFEC00B500E6 /* Base */ = {isa = PBXFileReference; lastKnownFileType = file.storyboard; name = Base; path = Base.lproj/Main.storyboard; sourceTree = "<group>"; };
		759B8E531AE9CFEC00B500E6 /* Images.xcassets */ = {isa = PBXFileReference; lastKnownFileType = folder.assetcatalog; path = Images.xcassets; sourceTree = "<group>"; };
		759B8E561AE9CFEC00B500E6 /* Base */ = {isa = PBXFileReference; lastKnownFileType = file.xib; name = Base; path = Base.lproj/LaunchScreen.xib; sourceTree = "<group>"; };
		759B8E5C1AE9CFEC00B500E6 /* FhubTests.xctest */ = {isa = PBXFileReference; explicitFileType = wrapper.cfbundle; includeInIndex = 0; path = FhubTests.xctest; sourceTree = BUILT_PRODUCTS_DIR; };
		759B8E611AE9CFEC00B500E6 /* Info.plist */ = {isa = PBXFileReference; lastKnownFileType = text.plist.xml; path = Info.plist; sourceTree = "<group>"; };
		759B8E621AE9CFEC00B500E6 /* FhubTests.swift */ = {isa = PBXFileReference; lastKnownFileType = sourcecode.swift; path = FhubTests.swift; sourceTree = "<group>"; };
		759B8E6F1AE9D09800B500E6 /* FBSDKCoreKit.framework */ = {isa = PBXFileReference; lastKnownFileType = wrapper.framework; path = FBSDKCoreKit.framework; sourceTree = "<group>"; };
		759B8E701AE9D09800B500E6 /* FBSDKLoginKit.framework */ = {isa = PBXFileReference; lastKnownFileType = wrapper.framework; path = FBSDKLoginKit.framework; sourceTree = "<group>"; };
		759B8E711AE9D09800B500E6 /* FBSDKShareKit.framework */ = {isa = PBXFileReference; lastKnownFileType = wrapper.framework; path = FBSDKShareKit.framework; sourceTree = "<group>"; };
		759B8E751AE9D0A900B500E6 /* Bolts.framework */ = {isa = PBXFileReference; lastKnownFileType = wrapper.framework; path = Bolts.framework; sourceTree = "<group>"; };
		759B8E761AE9D0A900B500E6 /* Parse.framework */ = {isa = PBXFileReference; lastKnownFileType = wrapper.framework; path = Parse.framework; sourceTree = "<group>"; };
		759B8E771AE9D0A900B500E6 /* ParseCrashReporting.framework */ = {isa = PBXFileReference; lastKnownFileType = wrapper.framework; path = ParseCrashReporting.framework; sourceTree = "<group>"; };
		759B8E781AE9D0A900B500E6 /* ParseFacebookUtils.framework */ = {isa = PBXFileReference; lastKnownFileType = wrapper.framework; path = ParseFacebookUtils.framework; sourceTree = "<group>"; };
		759B8E791AE9D0A900B500E6 /* ParseFacebookUtilsV4.framework */ = {isa = PBXFileReference; lastKnownFileType = wrapper.framework; path = ParseFacebookUtilsV4.framework; sourceTree = "<group>"; };
		759B8E7A1AE9D0A900B500E6 /* ParseUI.framework */ = {isa = PBXFileReference; lastKnownFileType = wrapper.framework; path = ParseUI.framework; sourceTree = "<group>"; };
		759B8E811AE9D10900B500E6 /* AudioToolbox.framework */ = {isa = PBXFileReference; lastKnownFileType = wrapper.framework; name = AudioToolbox.framework; path = System/Library/Frameworks/AudioToolbox.framework; sourceTree = SDKROOT; };
		759B8E821AE9D10900B500E6 /* CFNetwork.framework */ = {isa = PBXFileReference; lastKnownFileType = wrapper.framework; name = CFNetwork.framework; path = System/Library/Frameworks/CFNetwork.framework; sourceTree = SDKROOT; };
		759B8E831AE9D10900B500E6 /* CoreGraphics.framework */ = {isa = PBXFileReference; lastKnownFileType = wrapper.framework; name = CoreGraphics.framework; path = System/Library/Frameworks/CoreGraphics.framework; sourceTree = SDKROOT; };
		759B8E841AE9D10900B500E6 /* CoreLocation.framework */ = {isa = PBXFileReference; lastKnownFileType = wrapper.framework; name = CoreLocation.framework; path = System/Library/Frameworks/CoreLocation.framework; sourceTree = SDKROOT; };
		759B8E851AE9D10900B500E6 /* libsqlite3.dylib */ = {isa = PBXFileReference; lastKnownFileType = "compiled.mach-o.dylib"; name = libsqlite3.dylib; path = usr/lib/libsqlite3.dylib; sourceTree = SDKROOT; };
		759B8E861AE9D10900B500E6 /* libz.dylib */ = {isa = PBXFileReference; lastKnownFileType = "compiled.mach-o.dylib"; name = libz.dylib; path = usr/lib/libz.dylib; sourceTree = SDKROOT; };
		759B8E871AE9D10900B500E6 /* MapKit.framework */ = {isa = PBXFileReference; lastKnownFileType = wrapper.framework; name = MapKit.framework; path = System/Library/Frameworks/MapKit.framework; sourceTree = SDKROOT; };
		759B8E881AE9D10900B500E6 /* MobileCoreServices.framework */ = {isa = PBXFileReference; lastKnownFileType = wrapper.framework; name = MobileCoreServices.framework; path = System/Library/Frameworks/MobileCoreServices.framework; sourceTree = SDKROOT; };
		759B8E891AE9D10900B500E6 /* PushKit.framework */ = {isa = PBXFileReference; lastKnownFileType = wrapper.framework; name = PushKit.framework; path = System/Library/Frameworks/PushKit.framework; sourceTree = SDKROOT; };
		759B8E8A1AE9D10900B500E6 /* QuartzCore.framework */ = {isa = PBXFileReference; lastKnownFileType = wrapper.framework; name = QuartzCore.framework; path = System/Library/Frameworks/QuartzCore.framework; sourceTree = SDKROOT; };
		759B8E8B1AE9D10900B500E6 /* Security.framework */ = {isa = PBXFileReference; lastKnownFileType = wrapper.framework; name = Security.framework; path = System/Library/Frameworks/Security.framework; sourceTree = SDKROOT; };
		759B8E8C1AE9D10900B500E6 /* StoreKit.framework */ = {isa = PBXFileReference; lastKnownFileType = wrapper.framework; name = StoreKit.framework; path = System/Library/Frameworks/StoreKit.framework; sourceTree = SDKROOT; };
		759B8E8D1AE9D10900B500E6 /* SystemConfiguration.framework */ = {isa = PBXFileReference; lastKnownFileType = wrapper.framework; name = SystemConfiguration.framework; path = System/Library/Frameworks/SystemConfiguration.framework; sourceTree = SDKROOT; };
		759B8E8E1AE9D10900B500E6 /* WatchKit.framework */ = {isa = PBXFileReference; lastKnownFileType = wrapper.framework; name = WatchKit.framework; path = System/Library/Frameworks/WatchKit.framework; sourceTree = SDKROOT; };
		759B8EA61AE9D3E900B500E6 /* Fhub-Bridging-Header.h */ = {isa = PBXFileReference; lastKnownFileType = sourcecode.c.h; path = "Fhub-Bridging-Header.h"; sourceTree = "<group>"; };
		75AE8C6C1B0CB34700C757AB /* AddEventViewController.swift */ = {isa = PBXFileReference; fileEncoding = 4; lastKnownFileType = sourcecode.swift; path = AddEventViewController.swift; sourceTree = "<group>"; };
		75AE8C6E1B0CB52A00C757AB /* AppViewController.swift */ = {isa = PBXFileReference; fileEncoding = 4; lastKnownFileType = sourcecode.swift; path = AppViewController.swift; sourceTree = "<group>"; };
		75AE8C701B0CF60200C757AB /* GTImageView.swift */ = {isa = PBXFileReference; fileEncoding = 4; lastKnownFileType = sourcecode.swift; path = GTImageView.swift; sourceTree = "<group>"; };
/* End PBXFileReference section */

/* Begin PBXFrameworksBuildPhase section */
		759B8E411AE9CFEC00B500E6 /* Frameworks */ = {
			isa = PBXFrameworksBuildPhase;
			buildActionMask = 2147483647;
			files = (
				759B8E8F1AE9D10900B500E6 /* AudioToolbox.framework in Frameworks */,
				759B8E901AE9D10900B500E6 /* CFNetwork.framework in Frameworks */,
				759B8E911AE9D10900B500E6 /* CoreGraphics.framework in Frameworks */,
				759B8E921AE9D10900B500E6 /* CoreLocation.framework in Frameworks */,
				759B8E931AE9D10900B500E6 /* libsqlite3.dylib in Frameworks */,
				759B8E941AE9D10900B500E6 /* libz.dylib in Frameworks */,
				759B8E951AE9D10900B500E6 /* MapKit.framework in Frameworks */,
				759B8E961AE9D10900B500E6 /* MobileCoreServices.framework in Frameworks */,
				759B8E971AE9D10900B500E6 /* PushKit.framework in Frameworks */,
				759B8E981AE9D10900B500E6 /* QuartzCore.framework in Frameworks */,
				759B8E991AE9D10900B500E6 /* Security.framework in Frameworks */,
				759B8E9A1AE9D10900B500E6 /* StoreKit.framework in Frameworks */,
				759B8E9B1AE9D10900B500E6 /* SystemConfiguration.framework in Frameworks */,
				759B8E9C1AE9D10900B500E6 /* WatchKit.framework in Frameworks */,
				759B8E801AE9D0A900B500E6 /* ParseUI.framework in Frameworks */,
				759B8E7E1AE9D0A900B500E6 /* ParseFacebookUtils.framework in Frameworks */,
				759B8E731AE9D09800B500E6 /* FBSDKLoginKit.framework in Frameworks */,
				759B8E7F1AE9D0A900B500E6 /* ParseFacebookUtilsV4.framework in Frameworks */,
				759B8E7D1AE9D0A900B500E6 /* ParseCrashReporting.framework in Frameworks */,
				759B8E721AE9D09800B500E6 /* FBSDKCoreKit.framework in Frameworks */,
				759B8E741AE9D09800B500E6 /* FBSDKShareKit.framework in Frameworks */,
				759B8E7B1AE9D0A900B500E6 /* Bolts.framework in Frameworks */,
				759B8E7C1AE9D0A900B500E6 /* Parse.framework in Frameworks */,
			);
			runOnlyForDeploymentPostprocessing = 0;
		};
		759B8E591AE9CFEC00B500E6 /* Frameworks */ = {
			isa = PBXFrameworksBuildPhase;
			buildActionMask = 2147483647;
			files = (
			);
			runOnlyForDeploymentPostprocessing = 0;
		};
/* End PBXFrameworksBuildPhase section */

/* Begin PBXGroup section */
		752E9DFB1B0A9B2B00AE96D4 /* Parse */ = {
			isa = PBXGroup;
			children = (
				752E9DFC1B0A9B3300AE96D4 /* User.swift */,
				750366941B0AC0600033A8D4 /* Event.swift */,
				750366961B0AC06A0033A8D4 /* EventPost.swift */,
				750366981B0AC0700033A8D4 /* EventPhoto.swift */,
				7503669A1B0AC0770033A8D4 /* EventParticipant.swift */,
				7503669C1B0AC07E0033A8D4 /* UserConfig.swift */,
				7503669E1B0AC0840033A8D4 /* UserFriend.swift */,
			);
			name = Parse;
			sourceTree = "<group>";
		};
		759B8E3B1AE9CFEC00B500E6 = {
			isa = PBXGroup;
			children = (
				759B8E6C1AE9CFF800B500E6 /* Binaries */,
				759B8E461AE9CFEC00B500E6 /* Fhub */,
				759B8E5F1AE9CFEC00B500E6 /* FhubTests */,
				759B8E451AE9CFEC00B500E6 /* Products */,
			);
			sourceTree = "<group>";
		};
		759B8E451AE9CFEC00B500E6 /* Products */ = {
			isa = PBXGroup;
			children = (
				759B8E441AE9CFEC00B500E6 /* Fhub.app */,
				759B8E5C1AE9CFEC00B500E6 /* FhubTests.xctest */,
			);
			name = Products;
			sourceTree = "<group>";
		};
		759B8E461AE9CFEC00B500E6 /* Fhub */ = {
			isa = PBXGroup;
			children = (
				759B8E491AE9CFEC00B500E6 /* AppDelegate.swift */,
				759B8EA41AE9D15A00B500E6 /* View */,
				759B8EA11AE9D14200B500E6 /* ViewController */,
				759B8EA01AE9D13A00B500E6 /* Helper */,
				759B8E9E1AE9D12E00B500E6 /* Model */,
				759B8E9D1AE9D12500B500E6 /* Storage */,
				759B8E471AE9CFEC00B500E6 /* Supporting Files */,
			);
			path = Fhub;
			sourceTree = "<group>";
		};
		759B8E471AE9CFEC00B500E6 /* Supporting Files */ = {
			isa = PBXGroup;
			children = (
				759B8E481AE9CFEC00B500E6 /* Info.plist */,
			);
			name = "Supporting Files";
			sourceTree = "<group>";
		};
		759B8E5F1AE9CFEC00B500E6 /* FhubTests */ = {
			isa = PBXGroup;
			children = (
				759B8E621AE9CFEC00B500E6 /* FhubTests.swift */,
				759B8E601AE9CFEC00B500E6 /* Supporting Files */,
			);
			path = FhubTests;
			sourceTree = "<group>";
		};
		759B8E601AE9CFEC00B500E6 /* Supporting Files */ = {
			isa = PBXGroup;
			children = (
				759B8E611AE9CFEC00B500E6 /* Info.plist */,
			);
			name = "Supporting Files";
			sourceTree = "<group>";
		};
		759B8E6C1AE9CFF800B500E6 /* Binaries */ = {
			isa = PBXGroup;
			children = (
				759B8E811AE9D10900B500E6 /* AudioToolbox.framework */,
				759B8E821AE9D10900B500E6 /* CFNetwork.framework */,
				759B8E831AE9D10900B500E6 /* CoreGraphics.framework */,
				759B8E841AE9D10900B500E6 /* CoreLocation.framework */,
				759B8E851AE9D10900B500E6 /* libsqlite3.dylib */,
				759B8E861AE9D10900B500E6 /* libz.dylib */,
				759B8E871AE9D10900B500E6 /* MapKit.framework */,
				759B8E881AE9D10900B500E6 /* MobileCoreServices.framework */,
				759B8E891AE9D10900B500E6 /* PushKit.framework */,
				759B8E8A1AE9D10900B500E6 /* QuartzCore.framework */,
				759B8E8B1AE9D10900B500E6 /* Security.framework */,
				759B8E8C1AE9D10900B500E6 /* StoreKit.framework */,
				759B8E8D1AE9D10900B500E6 /* SystemConfiguration.framework */,
				759B8E8E1AE9D10900B500E6 /* WatchKit.framework */,
				759B8E6E1AE9D00200B500E6 /* Parse */,
				759B8E6D1AE9CFFD00B500E6 /* Facebook */,
			);
			name = Binaries;
			sourceTree = "<group>";
		};
		759B8E6D1AE9CFFD00B500E6 /* Facebook */ = {
			isa = PBXGroup;
			children = (
				759B8E6F1AE9D09800B500E6 /* FBSDKCoreKit.framework */,
				759B8E701AE9D09800B500E6 /* FBSDKLoginKit.framework */,
				759B8E711AE9D09800B500E6 /* FBSDKShareKit.framework */,
			);
			name = Facebook;
			sourceTree = "<group>";
		};
		759B8E6E1AE9D00200B500E6 /* Parse */ = {
			isa = PBXGroup;
			children = (
				759B8E751AE9D0A900B500E6 /* Bolts.framework */,
				759B8E761AE9D0A900B500E6 /* Parse.framework */,
				759B8E771AE9D0A900B500E6 /* ParseCrashReporting.framework */,
				759B8E781AE9D0A900B500E6 /* ParseFacebookUtils.framework */,
				759B8E791AE9D0A900B500E6 /* ParseFacebookUtilsV4.framework */,
				759B8E7A1AE9D0A900B500E6 /* ParseUI.framework */,
			);
			name = Parse;
			sourceTree = "<group>";
		};
		759B8E9D1AE9D12500B500E6 /* Storage */ = {
			isa = PBXGroup;
			children = (
				759B8E4B1AE9CFEC00B500E6 /* Fhub.xcdatamodeld */,
				752E9DFE1B0A9BF000AE96D4 /* UserStorage.swift */,
				750366A01B0AC40E0033A8D4 /* EventStorage.swift */,
			);
			name = Storage;
			sourceTree = "<group>";
		};
		759B8E9E1AE9D12E00B500E6 /* Model */ = {
			isa = PBXGroup;
			children = (
				752E9DFB1B0A9B2B00AE96D4 /* Parse */,
				759B8E9F1AE9D13400B500E6 /* Extension */,
			);
			name = Model;
			sourceTree = "<group>";
		};
		759B8E9F1AE9D13400B500E6 /* Extension */ = {
			isa = PBXGroup;
			children = (
			);
			name = Extension;
			sourceTree = "<group>";
		};
		759B8EA01AE9D13A00B500E6 /* Helper */ = {
			isa = PBXGroup;
			children = (
				759B8EA61AE9D3E900B500E6 /* Fhub-Bridging-Header.h */,
				7587F32A1B0A9D1600AAEAD8 /* AppCore.swift */,
				7587F32B1B0A9D1600AAEAD8 /* Extensions.swift */,
				7587F32C1B0A9D1600AAEAD8 /* Functions.swift */,
				7587F32D1B0A9D1600AAEAD8 /* ParseHandler.swift */,
				7587F32E1B0A9D1600AAEAD8 /* ParseResult.swift */,
				75AE8C701B0CF60200C757AB /* GTImageView.swift */,
			);
			name = Helper;
			sourceTree = "<group>";
		};
		759B8EA11AE9D14200B500E6 /* ViewController */ = {
			isa = PBXGroup;
			children = (
				75AE8C6E1B0CB52A00C757AB /* AppViewController.swift */,
				759B8EA31AE9D15300B500E6 /* HeaderController */,
				759B8EA21AE9D14A00B500E6 /* CellController */,
				070AEB4D1AF7DE35004BDE58 /* InitialController.swift */,
				07B25E601B0506F7007E6EA4 /* UserProfileViewController.swift */,
				0710D4BA1AEEE29E00561946 /* EventsTableViewController.swift */,
				07D6F5E21AFD7AE300CB882D /* MyEventsCollectionViewController.swift */,
				75AE8C6C1B0CB34700C757AB /* AddEventViewController.swift */,
			);
			name = ViewController;
			sourceTree = "<group>";
		};
		759B8EA21AE9D14A00B500E6 /* CellController */ = {
			isa = PBXGroup;
			children = (
				0710D4BC1AEEF63500561946 /* EventCustomTableViewCell.swift */,
				07D6F5E41AFD869800CB882D /* MyEventsCustomCollectionViewCell.swift */,
				07B25E621B051717007E6EA4 /* ProfileCustomTableViweCell.swift */,
				07BA0B481B054EB900F56F56 /* ProfileAddressCustomTableViewCell.swift */,
			);
			name = CellController;
			sourceTree = "<group>";
		};
		759B8EA31AE9D15300B500E6 /* HeaderController */ = {
			isa = PBXGroup;
			children = (
				07E179FE1AFD0C5D00A904F6 /* EventCustomTableViewHeader.swift */,
			);
			name = HeaderController;
			sourceTree = "<group>";
		};
		759B8EA41AE9D15A00B500E6 /* View */ = {
			isa = PBXGroup;
			children = (
				759B8E501AE9CFEC00B500E6 /* Main.storyboard */,
				759B8E531AE9CFEC00B500E6 /* Images.xcassets */,
				759B8E551AE9CFEC00B500E6 /* LaunchScreen.xib */,
			);
			name = View;
			sourceTree = "<group>";
		};
/* End PBXGroup section */

/* Begin PBXNativeTarget section */
		759B8E431AE9CFEC00B500E6 /* Fhub */ = {
			isa = PBXNativeTarget;
			buildConfigurationList = 759B8E661AE9CFEC00B500E6 /* Build configuration list for PBXNativeTarget "Fhub" */;
			buildPhases = (
				759B8E401AE9CFEC00B500E6 /* Sources */,
				759B8E411AE9CFEC00B500E6 /* Frameworks */,
				759B8E421AE9CFEC00B500E6 /* Resources */,
			);
			buildRules = (
			);
			dependencies = (
			);
			name = Fhub;
			productName = Fhub;
			productReference = 759B8E441AE9CFEC00B500E6 /* Fhub.app */;
			productType = "com.apple.product-type.application";
		};
		759B8E5B1AE9CFEC00B500E6 /* FhubTests */ = {
			isa = PBXNativeTarget;
			buildConfigurationList = 759B8E691AE9CFEC00B500E6 /* Build configuration list for PBXNativeTarget "FhubTests" */;
			buildPhases = (
				759B8E581AE9CFEC00B500E6 /* Sources */,
				759B8E591AE9CFEC00B500E6 /* Frameworks */,
				759B8E5A1AE9CFEC00B500E6 /* Resources */,
			);
			buildRules = (
			);
			dependencies = (
				759B8E5E1AE9CFEC00B500E6 /* PBXTargetDependency */,
			);
			name = FhubTests;
			productName = FhubTests;
			productReference = 759B8E5C1AE9CFEC00B500E6 /* FhubTests.xctest */;
			productType = "com.apple.product-type.bundle.unit-test";
		};
/* End PBXNativeTarget section */

/* Begin PBXProject section */
		759B8E3C1AE9CFEC00B500E6 /* Project object */ = {
			isa = PBXProject;
			attributes = {
				LastUpgradeCheck = 0630;
				ORGANIZATIONNAME = CFerreira;
				TargetAttributes = {
					759B8E431AE9CFEC00B500E6 = {
						CreatedOnToolsVersion = 6.3;
					};
					759B8E5B1AE9CFEC00B500E6 = {
						CreatedOnToolsVersion = 6.3;
						TestTargetID = 759B8E431AE9CFEC00B500E6;
					};
				};
			};
			buildConfigurationList = 759B8E3F1AE9CFEC00B500E6 /* Build configuration list for PBXProject "Fhub" */;
			compatibilityVersion = "Xcode 3.2";
			developmentRegion = English;
			hasScannedForEncodings = 0;
			knownRegions = (
				en,
				Base,
			);
			mainGroup = 759B8E3B1AE9CFEC00B500E6;
			productRefGroup = 759B8E451AE9CFEC00B500E6 /* Products */;
			projectDirPath = "";
			projectRoot = "";
			targets = (
				759B8E431AE9CFEC00B500E6 /* Fhub */,
				759B8E5B1AE9CFEC00B500E6 /* FhubTests */,
			);
		};
/* End PBXProject section */

/* Begin PBXResourcesBuildPhase section */
		759B8E421AE9CFEC00B500E6 /* Resources */ = {
			isa = PBXResourcesBuildPhase;
			buildActionMask = 2147483647;
			files = (
				759B8E521AE9CFEC00B500E6 /* Main.storyboard in Resources */,
				759B8E571AE9CFEC00B500E6 /* LaunchScreen.xib in Resources */,
				759B8E541AE9CFEC00B500E6 /* Images.xcassets in Resources */,
			);
			runOnlyForDeploymentPostprocessing = 0;
		};
		759B8E5A1AE9CFEC00B500E6 /* Resources */ = {
			isa = PBXResourcesBuildPhase;
			buildActionMask = 2147483647;
			files = (
			);
			runOnlyForDeploymentPostprocessing = 0;
		};
/* End PBXResourcesBuildPhase section */

/* Begin PBXSourcesBuildPhase section */
		759B8E401AE9CFEC00B500E6 /* Sources */ = {
			isa = PBXSourcesBuildPhase;
			buildActionMask = 2147483647;
			files = (
				07B25E631B051717007E6EA4 /* ProfileCustomTableViweCell.swift in Sources */,
				75AE8C6D1B0CB34700C757AB /* AddEventViewController.swift in Sources */,
				07E179FF1AFD0C5D00A904F6 /* EventCustomTableViewHeader.swift in Sources */,
				7503669F1B0AC0840033A8D4 /* UserFriend.swift in Sources */,
				750366951B0AC0600033A8D4 /* Event.swift in Sources */,
				0710D4BB1AEEE29E00561946 /* EventsTableViewController.swift in Sources */,
				7587F3301B0A9D1600AAEAD8 /* Extensions.swift in Sources */,
				070AEB4E1AF7DE35004BDE58 /* InitialController.swift in Sources */,
				07D6F5E51AFD869800CB882D /* MyEventsCustomCollectionViewCell.swift in Sources */,
				07D6F5E31AFD7AE300CB882D /* MyEventsCollectionViewController.swift in Sources */,
				07BA0B491B054EB900F56F56 /* ProfileAddressCustomTableViewCell.swift in Sources */,
				7503669D1B0AC07E0033A8D4 /* UserConfig.swift in Sources */,
				7587F3311B0A9D1600AAEAD8 /* Functions.swift in Sources */,
				75AE8C711B0CF60200C757AB /* GTImageView.swift in Sources */,
				750366991B0AC0700033A8D4 /* EventPhoto.swift in Sources */,
				7503669B1B0AC0770033A8D4 /* EventParticipant.swift in Sources */,
				7587F3321B0A9D1600AAEAD8 /* ParseHandler.swift in Sources */,
				7587F32F1B0A9D1600AAEAD8 /* AppCore.swift in Sources */,
				750366A11B0AC40E0033A8D4 /* EventStorage.swift in Sources */,
				7587F3331B0A9D1600AAEAD8 /* ParseResult.swift in Sources */,
				750366971B0AC06A0033A8D4 /* EventPost.swift in Sources */,
				752E9DFD1B0A9B3300AE96D4 /* User.swift in Sources */,
				0710D4BD1AEEF63500561946 /* EventCustomTableViewCell.swift in Sources */,
				752E9DFF1B0A9BF000AE96D4 /* UserStorage.swift in Sources */,
				759B8E4D1AE9CFEC00B500E6 /* Fhub.xcdatamodeld in Sources */,
				75AE8C6F1B0CB52A00C757AB /* AppViewController.swift in Sources */,
				07B25E611B0506F7007E6EA4 /* UserProfileViewController.swift in Sources */,
				759B8E4A1AE9CFEC00B500E6 /* AppDelegate.swift in Sources */,
			);
			runOnlyForDeploymentPostprocessing = 0;
		};
		759B8E581AE9CFEC00B500E6 /* Sources */ = {
			isa = PBXSourcesBuildPhase;
			buildActionMask = 2147483647;
			files = (
				759B8E631AE9CFEC00B500E6 /* FhubTests.swift in Sources */,
			);
			runOnlyForDeploymentPostprocessing = 0;
		};
/* End PBXSourcesBuildPhase section */

/* Begin PBXTargetDependency section */
		759B8E5E1AE9CFEC00B500E6 /* PBXTargetDependency */ = {
			isa = PBXTargetDependency;
			target = 759B8E431AE9CFEC00B500E6 /* Fhub */;
			targetProxy = 759B8E5D1AE9CFEC00B500E6 /* PBXContainerItemProxy */;
		};
/* End PBXTargetDependency section */

/* Begin PBXVariantGroup section */
		759B8E501AE9CFEC00B500E6 /* Main.storyboard */ = {
			isa = PBXVariantGroup;
			children = (
				759B8E511AE9CFEC00B500E6 /* Base */,
			);
			name = Main.storyboard;
			sourceTree = "<group>";
		};
		759B8E551AE9CFEC00B500E6 /* LaunchScreen.xib */ = {
			isa = PBXVariantGroup;
			children = (
				759B8E561AE9CFEC00B500E6 /* Base */,
			);
			name = LaunchScreen.xib;
			sourceTree = "<group>";
		};
/* End PBXVariantGroup section */

/* Begin XCBuildConfiguration section */
		759B8E641AE9CFEC00B500E6 /* Debug */ = {
			isa = XCBuildConfiguration;
			buildSettings = {
				ALWAYS_SEARCH_USER_PATHS = NO;
				CLANG_CXX_LANGUAGE_STANDARD = "gnu++0x";
				CLANG_CXX_LIBRARY = "libc++";
				CLANG_ENABLE_MODULES = YES;
				CLANG_ENABLE_OBJC_ARC = YES;
				CLANG_WARN_BOOL_CONVERSION = YES;
				CLANG_WARN_CONSTANT_CONVERSION = YES;
				CLANG_WARN_DIRECT_OBJC_ISA_USAGE = YES_ERROR;
				CLANG_WARN_EMPTY_BODY = YES;
				CLANG_WARN_ENUM_CONVERSION = YES;
				CLANG_WARN_INT_CONVERSION = YES;
				CLANG_WARN_OBJC_ROOT_CLASS = YES_ERROR;
				CLANG_WARN_UNREACHABLE_CODE = YES;
				CLANG_WARN__DUPLICATE_METHOD_MATCH = YES;
				"CODE_SIGN_IDENTITY[sdk=iphoneos*]" = "iPhone Developer";
				COPY_PHASE_STRIP = NO;
				DEBUG_INFORMATION_FORMAT = "dwarf-with-dsym";
				ENABLE_STRICT_OBJC_MSGSEND = YES;
				GCC_C_LANGUAGE_STANDARD = gnu99;
				GCC_DYNAMIC_NO_PIC = NO;
				GCC_NO_COMMON_BLOCKS = YES;
				GCC_OPTIMIZATION_LEVEL = 0;
				GCC_PREPROCESSOR_DEFINITIONS = (
					"DEBUG=1",
					"$(inherited)",
				);
				GCC_SYMBOLS_PRIVATE_EXTERN = NO;
				GCC_WARN_64_TO_32_BIT_CONVERSION = YES;
				GCC_WARN_ABOUT_RETURN_TYPE = YES_ERROR;
				GCC_WARN_UNDECLARED_SELECTOR = YES;
				GCC_WARN_UNINITIALIZED_AUTOS = YES_AGGRESSIVE;
				GCC_WARN_UNUSED_FUNCTION = YES;
				GCC_WARN_UNUSED_VARIABLE = YES;
				IPHONEOS_DEPLOYMENT_TARGET = 8.3;
				MTL_ENABLE_DEBUG_INFO = YES;
				ONLY_ACTIVE_ARCH = YES;
				SDKROOT = iphoneos;
				SWIFT_OPTIMIZATION_LEVEL = "-Onone";
				TARGETED_DEVICE_FAMILY = "1,2";
			};
			name = Debug;
		};
		759B8E651AE9CFEC00B500E6 /* Release */ = {
			isa = XCBuildConfiguration;
			buildSettings = {
				ALWAYS_SEARCH_USER_PATHS = NO;
				CLANG_CXX_LANGUAGE_STANDARD = "gnu++0x";
				CLANG_CXX_LIBRARY = "libc++";
				CLANG_ENABLE_MODULES = YES;
				CLANG_ENABLE_OBJC_ARC = YES;
				CLANG_WARN_BOOL_CONVERSION = YES;
				CLANG_WARN_CONSTANT_CONVERSION = YES;
				CLANG_WARN_DIRECT_OBJC_ISA_USAGE = YES_ERROR;
				CLANG_WARN_EMPTY_BODY = YES;
				CLANG_WARN_ENUM_CONVERSION = YES;
				CLANG_WARN_INT_CONVERSION = YES;
				CLANG_WARN_OBJC_ROOT_CLASS = YES_ERROR;
				CLANG_WARN_UNREACHABLE_CODE = YES;
				CLANG_WARN__DUPLICATE_METHOD_MATCH = YES;
				"CODE_SIGN_IDENTITY[sdk=iphoneos*]" = "iPhone Developer";
				COPY_PHASE_STRIP = NO;
				DEBUG_INFORMATION_FORMAT = "dwarf-with-dsym";
				ENABLE_NS_ASSERTIONS = NO;
				ENABLE_STRICT_OBJC_MSGSEND = YES;
				GCC_C_LANGUAGE_STANDARD = gnu99;
				GCC_NO_COMMON_BLOCKS = YES;
				GCC_WARN_64_TO_32_BIT_CONVERSION = YES;
				GCC_WARN_ABOUT_RETURN_TYPE = YES_ERROR;
				GCC_WARN_UNDECLARED_SELECTOR = YES;
				GCC_WARN_UNINITIALIZED_AUTOS = YES_AGGRESSIVE;
				GCC_WARN_UNUSED_FUNCTION = YES;
				GCC_WARN_UNUSED_VARIABLE = YES;
				IPHONEOS_DEPLOYMENT_TARGET = 8.3;
				MTL_ENABLE_DEBUG_INFO = NO;
				SDKROOT = iphoneos;
				TARGETED_DEVICE_FAMILY = "1,2";
				VALIDATE_PRODUCT = YES;
			};
			name = Release;
		};
		759B8E671AE9CFEC00B500E6 /* Debug */ = {
			isa = XCBuildConfiguration;
			buildSettings = {
				ASSETCATALOG_COMPILER_APPICON_NAME = AppIcon;
				CLANG_ENABLE_MODULES = YES;
				FRAMEWORK_SEARCH_PATHS = (
					"$(inherited)",
					"$(PROJECT_DIR)",
				);
				INFOPLIST_FILE = Fhub/Info.plist;
				LD_RUNPATH_SEARCH_PATHS = "$(inherited) @executable_path/Frameworks";
				PRODUCT_NAME = "$(TARGET_NAME)";
				SWIFT_OBJC_BRIDGING_HEADER = "Fhub/Fhub-Bridging-Header.h";
				SWIFT_OPTIMIZATION_LEVEL = "-Onone";
			};
			name = Debug;
		};
		759B8E681AE9CFEC00B500E6 /* Release */ = {
			isa = XCBuildConfiguration;
			buildSettings = {
				ASSETCATALOG_COMPILER_APPICON_NAME = AppIcon;
				CLANG_ENABLE_MODULES = YES;
				FRAMEWORK_SEARCH_PATHS = (
					"$(inherited)",
					"$(PROJECT_DIR)",
				);
				INFOPLIST_FILE = Fhub/Info.plist;
				LD_RUNPATH_SEARCH_PATHS = "$(inherited) @executable_path/Frameworks";
				PRODUCT_NAME = "$(TARGET_NAME)";
				SWIFT_OBJC_BRIDGING_HEADER = "Fhub/Fhub-Bridging-Header.h";
			};
			name = Release;
		};
		759B8E6A1AE9CFEC00B500E6 /* Debug */ = {
			isa = XCBuildConfiguration;
			buildSettings = {
				BUNDLE_LOADER = "$(TEST_HOST)";
				FRAMEWORK_SEARCH_PATHS = (
					"$(SDKROOT)/Developer/Library/Frameworks",
					"$(inherited)",
				);
				GCC_PREPROCESSOR_DEFINITIONS = (
					"DEBUG=1",
					"$(inherited)",
				);
				INFOPLIST_FILE = FhubTests/Info.plist;
				LD_RUNPATH_SEARCH_PATHS = "$(inherited) @executable_path/Frameworks @loader_path/Frameworks";
				PRODUCT_NAME = "$(TARGET_NAME)";
				TEST_HOST = "$(BUILT_PRODUCTS_DIR)/Fhub.app/Fhub";
			};
			name = Debug;
		};
		759B8E6B1AE9CFEC00B500E6 /* Release */ = {
			isa = XCBuildConfiguration;
			buildSettings = {
				BUNDLE_LOADER = "$(TEST_HOST)";
				FRAMEWORK_SEARCH_PATHS = (
					"$(SDKROOT)/Developer/Library/Frameworks",
					"$(inherited)",
				);
				INFOPLIST_FILE = FhubTests/Info.plist;
				LD_RUNPATH_SEARCH_PATHS = "$(inherited) @executable_path/Frameworks @loader_path/Frameworks";
				PRODUCT_NAME = "$(TARGET_NAME)";
				TEST_HOST = "$(BUILT_PRODUCTS_DIR)/Fhub.app/Fhub";
			};
			name = Release;
		};
/* End XCBuildConfiguration section */

/* Begin XCConfigurationList section */
		759B8E3F1AE9CFEC00B500E6 /* Build configuration list for PBXProject "Fhub" */ = {
			isa = XCConfigurationList;
			buildConfigurations = (
				759B8E641AE9CFEC00B500E6 /* Debug */,
				759B8E651AE9CFEC00B500E6 /* Release */,
			);
			defaultConfigurationIsVisible = 0;
			defaultConfigurationName = Release;
		};
		759B8E661AE9CFEC00B500E6 /* Build configuration list for PBXNativeTarget "Fhub" */ = {
			isa = XCConfigurationList;
			buildConfigurations = (
				759B8E671AE9CFEC00B500E6 /* Debug */,
				759B8E681AE9CFEC00B500E6 /* Release */,
			);
			defaultConfigurationIsVisible = 0;
			defaultConfigurationName = Release;
		};
		759B8E691AE9CFEC00B500E6 /* Build configuration list for PBXNativeTarget "FhubTests" */ = {
			isa = XCConfigurationList;
			buildConfigurations = (
				759B8E6A1AE9CFEC00B500E6 /* Debug */,
				759B8E6B1AE9CFEC00B500E6 /* Release */,
			);
			defaultConfigurationIsVisible = 0;
			defaultConfigurationName = Release;
		};
/* End XCConfigurationList section */

/* Begin XCVersionGroup section */
		759B8E4B1AE9CFEC00B500E6 /* Fhub.xcdatamodeld */ = {
			isa = XCVersionGroup;
			children = (
				759B8E4C1AE9CFEC00B500E6 /* Fhub.xcdatamodel */,
			);
			currentVersion = 759B8E4C1AE9CFEC00B500E6 /* Fhub.xcdatamodel */;
			path = Fhub.xcdatamodeld;
			sourceTree = "<group>";
			versionGroupType = wrapper.xcdatamodel;
		};
/* End XCVersionGroup section */
	};
	rootObject = 759B8E3C1AE9CFEC00B500E6 /* Project object */;
}
